# This file is automatically @generated by Poetry 2.3.2 and should not be changed by hand.

[[package]]
name = "gunicorn"
version = "25.0.1"
description = "WSGI HTTP Server for UNIX"
optional = false
python-versions = ">=3.10"
groups = ["main"]
files = [
    {file = "gunicorn-25.0.1-py3-none-any.whl", hash = "sha256:23cbe968c6ae3c8efc3d118c8353fa0763efc2102d89d0d3cea696cede7ff6b1"},
    {file = "gunicorn-25.0.1.tar.gz", hash = "sha256:573e053aa950246e307ea908bd7ddce1870d41a40aec0c935938c586f0b9b946"},
]

[package.dependencies]
packaging = "*"

[package.extras]
eventlet = ["eventlet (>=0.40.3)"]
gevent = ["gevent (>=24.10.1)"]
http2 = ["h2 (>=4.1.0)"]
setproctitle = ["setproctitle"]
testing = ["coverage", "eventlet (>=0.40.3)", "gevent (>=24.10.1)", "h2 (>=4.1.0)", "httpx[http2]", "pytest", "pytest-asyncio", "pytest-cov", "uvloop (>=0.19.0)"]
tornado = ["tornado (>=6.5.0)"]

[[package]]
name = "packaging"
version = "26.0"
description = "Core utilities for Python packages"
optional = false
python-versions = ">=3.8"
groups = ["main"]
files = [
    {file = "packaging-26.0-py3-none-any.whl", hash = "sha256:b36f1fef9334a5588b4166f8bcd26a14e521f2b55e6b9de3aaa80d3ff7a37529"},
    {file = "packaging-26.0.tar.gz", hash = "sha256:00243ae351a257117b6a241061796684b084ed1c516a08c48a3f7e147a9d80b4"},
]

[metadata]
lock-version = "2.1"
python-versions = ">=3.13,<4.0"
content-hash = "2bf149ae66b741017f8c25fd1f4acd70f829ac44043091422bb5c9d6511d1e42"
